// !$*UTF8*$!
{
	archiveVersion = 1;
	classes = {
	};
	objectVersion = 46;
	objects = {

/* Begin PBXBuildFile section */
		37B909AF91BD9E1EEA2AC706 /* libPods-MSTreasuryManager.a in Frameworks */ = {isa = PBXBuildFile; fileRef = F50451818B7BCADBBF7EDF5D /* libPods-MSTreasuryManager.a */; };
		3A7C5FDB01369BBDCA4DC293 /* libPods-MSTreasuryManagerUITests.a in Frameworks */ = {isa = PBXBuildFile; fileRef = 3B3996B452F466486FB1BF93 /* libPods-MSTreasuryManagerUITests.a */; };
		43690FD02A5F3C579B2F199B /* libPods-MSTreasuryManagerTests.a in Frameworks */ = {isa = PBXBuildFile; fileRef = FCD14FB8AD8938064E1CA623 /* libPods-MSTreasuryManagerTests.a */; };
		BC00DCB81DA89FB20063F7FE /* MSHomeCollectionCell.m in Sources */ = {isa = PBXBuildFile; fileRef = BC00DCB71DA89FB20063F7FE /* MSHomeCollectionCell.m */; };
		BC00DCBF1DA8CC0F0063F7FE /* MSMaterialFillInViewController.m in Sources */ = {isa = PBXBuildFile; fileRef = BC00DCBD1DA8CC0F0063F7FE /* MSMaterialFillInViewController.m */; };
		BC00DCC41DA8D5770063F7FE /* YZInputView.m in Sources */ = {isa = PBXBuildFile; fileRef = BC00DCC31DA8D5770063F7FE /* YZInputView.m */; };
		BC00DCC71DA8E5540063F7FE /* MSMaterialFillInWithSearchSection.m in Sources */ = {isa = PBXBuildFile; fileRef = BC00DCC61DA8E5540063F7FE /* MSMaterialFillInWithSearchSection.m */; };
		BC00DCCA1DA8E9A50063F7FE /* MSMaterialFillInNomalSection.m in Sources */ = {isa = PBXBuildFile; fileRef = BC00DCC91DA8E9A50063F7FE /* MSMaterialFillInNomalSection.m */; };
		BC25B9041DA1ED8B008EDFB2 /* main.m in Sources */ = {isa = PBXBuildFile; fileRef = BC25B9031DA1ED8B008EDFB2 /* main.m */; };
		BC25B9071DA1ED8B008EDFB2 /* AppDelegate.m in Sources */ = {isa = PBXBuildFile; fileRef = BC25B9061DA1ED8B008EDFB2 /* AppDelegate.m */; };
		BC25B90A1DA1ED8B008EDFB2 /* ViewController.m in Sources */ = {isa = PBXBuildFile; fileRef = BC25B9091DA1ED8B008EDFB2 /* ViewController.m */; };
		BC25B90D1DA1ED8B008EDFB2 /* Main.storyboard in Resources */ = {isa = PBXBuildFile; fileRef = BC25B90B1DA1ED8B008EDFB2 /* Main.storyboard */; };
		BC25B90F1DA1ED8B008EDFB2 /* Assets.xcassets in Resources */ = {isa = PBXBuildFile; fileRef = BC25B90E1DA1ED8B008EDFB2 /* Assets.xcassets */; };
		BC25B9121DA1ED8B008EDFB2 /* LaunchScreen.storyboard in Resources */ = {isa = PBXBuildFile; fileRef = BC25B9101DA1ED8B008EDFB2 /* LaunchScreen.storyboard */; };
		BC25B91D1DA1ED8C008EDFB2 /* MSTreasuryManagerTests.m in Sources */ = {isa = PBXBuildFile; fileRef = BC25B91C1DA1ED8C008EDFB2 /* MSTreasuryManagerTests.m */; };
		BC25B9281DA1ED8C008EDFB2 /* MSTreasuryManagerUITests.m in Sources */ = {isa = PBXBuildFile; fileRef = BC25B9271DA1ED8C008EDFB2 /* MSTreasuryManagerUITests.m */; };
		BC25B9A71DA1F1E2008EDFB2 /* NSDate+MSExtension.m in Sources */ = {isa = PBXBuildFile; fileRef = BC25B9941DA1F1E2008EDFB2 /* NSDate+MSExtension.m */; };
		BC25B9A81DA1F1E2008EDFB2 /* NSString+Code.m in Sources */ = {isa = PBXBuildFile; fileRef = BC25B9971DA1F1E2008EDFB2 /* NSString+Code.m */; };
		BC25B9A91DA1F1E2008EDFB2 /* NSString+Util.m in Sources */ = {isa = PBXBuildFile; fileRef = BC25B9991DA1F1E2008EDFB2 /* NSString+Util.m */; };
		BC25B9AA1DA1F1E2008EDFB2 /* UIColor+MSUtil.m in Sources */ = {isa = PBXBuildFile; fileRef = BC25B99C1DA1F1E2008EDFB2 /* UIColor+MSUtil.m */; };
		BC25B9AB1DA1F1E2008EDFB2 /* UIImage+RoundedCorner.m in Sources */ = {isa = PBXBuildFile; fileRef = BC25B9A01DA1F1E2008EDFB2 /* UIImage+RoundedCorner.m */; };
		BC25B9AC1DA1F1E2008EDFB2 /* UIView+RoundedCorner.m in Sources */ = {isa = PBXBuildFile; fileRef = BC25B9A21DA1F1E2008EDFB2 /* UIView+RoundedCorner.m */; };
		BC25B9AD1DA1F1E2008EDFB2 /* UIImageView+CornerRadius.m in Sources */ = {isa = PBXBuildFile; fileRef = BC25B9A41DA1F1E2008EDFB2 /* UIImageView+CornerRadius.m */; };
		BC25B9AE1DA1F1E2008EDFB2 /* UIView+MSUtil.m in Sources */ = {isa = PBXBuildFile; fileRef = BC25B9A61DA1F1E2008EDFB2 /* UIView+MSUtil.m */; };
		BC25B9C81DA1F3BB008EDFB2 /* CYLPlusButton.m in Sources */ = {isa = PBXBuildFile; fileRef = BC25B9B11DA1F3BB008EDFB2 /* CYLPlusButton.m */; };
		BC25B9C91DA1F3BB008EDFB2 /* CYLTabBar.m in Sources */ = {isa = PBXBuildFile; fileRef = BC25B9B31DA1F3BB008EDFB2 /* CYLTabBar.m */; };
		BC25B9CA1DA1F3BB008EDFB2 /* CYLTabBarController.m in Sources */ = {isa = PBXBuildFile; fileRef = BC25B9B51DA1F3BB008EDFB2 /* CYLTabBarController.m */; };
		BC25B9CB1DA1F3BB008EDFB2 /* UIViewController+CYLTabBarControllerExtention.m in Sources */ = {isa = PBXBuildFile; fileRef = BC25B9B71DA1F3BB008EDFB2 /* UIViewController+CYLTabBarControllerExtention.m */; };
		BC25B9CC1DA1F3BB008EDFB2 /* ZCApiAction.m in Sources */ = {isa = PBXBuildFile; fileRef = BC25B9BB1DA1F3BB008EDFB2 /* ZCApiAction.m */; };
		BC25B9CD1DA1F3BB008EDFB2 /* ZCApiDownloadAction.m in Sources */ = {isa = PBXBuildFile; fileRef = BC25B9BD1DA1F3BB008EDFB2 /* ZCApiDownloadAction.m */; };
		BC25B9CE1DA1F3BB008EDFB2 /* ZCApiRunner.m in Sources */ = {isa = PBXBuildFile; fileRef = BC25B9C01DA1F3BB008EDFB2 /* ZCApiRunner.m */; };
		BC25B9CF1DA1F3BB008EDFB2 /* ZCApiUploadAction.m in Sources */ = {isa = PBXBuildFile; fileRef = BC25B9C21DA1F3BB008EDFB2 /* ZCApiUploadAction.m */; };
		BC25B9D01DA1F3BB008EDFB2 /* ZCChainProcessor.m in Sources */ = {isa = PBXBuildFile; fileRef = BC25B9C51DA1F3BB008EDFB2 /* ZCChainProcessor.m */; };
		BC25B9D11DA1F3BB008EDFB2 /* ZCNetworking.m in Sources */ = {isa = PBXBuildFile; fileRef = BC25B9C71DA1F3BB008EDFB2 /* ZCNetworking.m */; };
		BC25B9D41DA1F3E4008EDFB2 /* MSNetworking.m in Sources */ = {isa = PBXBuildFile; fileRef = BC25B9D31DA1F3E4008EDFB2 /* MSNetworking.m */; };
		BC25B9D71DA1F41D008EDFB2 /* MSTabBarControllerConfig.m in Sources */ = {isa = PBXBuildFile; fileRef = BC25B9D61DA1F41D008EDFB2 /* MSTabBarControllerConfig.m */; };
		BC25B9DC1DA1F469008EDFB2 /* MSBaseTabBarController.m in Sources */ = {isa = PBXBuildFile; fileRef = BC25B9D91DA1F469008EDFB2 /* MSBaseTabBarController.m */; };
		BC25B9DD1DA1F469008EDFB2 /* MSBaseViewController.m in Sources */ = {isa = PBXBuildFile; fileRef = BC25B9DB1DA1F469008EDFB2 /* MSBaseViewController.m */; };
		BC25B9E01DA1F4B3008EDFB2 /* MSBaseNavigationController.m in Sources */ = {isa = PBXBuildFile; fileRef = BC25B9DF1DA1F4B3008EDFB2 /* MSBaseNavigationController.m */; };
		BC25B9E31DA1F4E4008EDFB2 /* MSHomeViewController.m in Sources */ = {isa = PBXBuildFile; fileRef = BC25B9E21DA1F4E4008EDFB2 /* MSHomeViewController.m */; };
/* End PBXBuildFile section */

/* Begin PBXContainerItemProxy section */
		BC25B9191DA1ED8C008EDFB2 /* PBXContainerItemProxy */ = {
			isa = PBXContainerItemProxy;
			containerPortal = BC25B8F71DA1ED8B008EDFB2 /* Project object */;
			proxyType = 1;
			remoteGlobalIDString = BC25B8FE1DA1ED8B008EDFB2;
			remoteInfo = MSTreasuryManager;
		};
		BC25B9241DA1ED8C008EDFB2 /* PBXContainerItemProxy */ = {
			isa = PBXContainerItemProxy;
			containerPortal = BC25B8F71DA1ED8B008EDFB2 /* Project object */;
			proxyType = 1;
			remoteGlobalIDString = BC25B8FE1DA1ED8B008EDFB2;
			remoteInfo = MSTreasuryManager;
		};
/* End PBXContainerItemProxy section */

/* Begin PBXFileReference section */
		03C01CE9C2B33EF403CE9DCC /* Pods-MSTreasuryManager.debug.xcconfig */ = {isa = PBXFileReference; includeInIndex = 1; lastKnownFileType = text.xcconfig; name = "Pods-MSTreasuryManager.debug.xcconfig"; path = "Pods/Target Support Files/Pods-MSTreasuryManager/Pods-MSTreasuryManager.debug.xcconfig"; sourceTree = "<group>"; };
		3B3996B452F466486FB1BF93 /* libPods-MSTreasuryManagerUITests.a */ = {isa = PBXFileReference; explicitFileType = archive.ar; includeInIndex = 0; path = "libPods-MSTreasuryManagerUITests.a"; sourceTree = BUILT_PRODUCTS_DIR; };
		6D8E0C5D4687480595A21928 /* Pods-MSTreasuryManagerUITests.release.xcconfig */ = {isa = PBXFileReference; includeInIndex = 1; lastKnownFileType = text.xcconfig; name = "Pods-MSTreasuryManagerUITests.release.xcconfig"; path = "Pods/Target Support Files/Pods-MSTreasuryManagerUITests/Pods-MSTreasuryManagerUITests.release.xcconfig"; sourceTree = "<group>"; };
		75F47D9C8AB86418EDA43784 /* Pods-MSTreasuryManager.release.xcconfig */ = {isa = PBXFileReference; includeInIndex = 1; lastKnownFileType = text.xcconfig; name = "Pods-MSTreasuryManager.release.xcconfig"; path = "Pods/Target Support Files/Pods-MSTreasuryManager/Pods-MSTreasuryManager.release.xcconfig"; sourceTree = "<group>"; };
		BC00DCB61DA89FB20063F7FE /* MSHomeCollectionCell.h */ = {isa = PBXFileReference; fileEncoding = 4; lastKnownFileType = sourcecode.c.h; path = MSHomeCollectionCell.h; sourceTree = "<group>"; };
		BC00DCB71DA89FB20063F7FE /* MSHomeCollectionCell.m */ = {isa = PBXFileReference; fileEncoding = 4; lastKnownFileType = sourcecode.c.objc; path = MSHomeCollectionCell.m; sourceTree = "<group>"; };
		BC00DCBC1DA8CC0F0063F7FE /* MSMaterialFillInViewController.h */ = {isa = PBXFileReference; fileEncoding = 4; lastKnownFileType = sourcecode.c.h; path = MSMaterialFillInViewController.h; sourceTree = "<group>"; };
		BC00DCBD1DA8CC0F0063F7FE /* MSMaterialFillInViewController.m */ = {isa = PBXFileReference; fileEncoding = 4; lastKnownFileType = sourcecode.c.objc; path = MSMaterialFillInViewController.m; sourceTree = "<group>"; };
		BC00DCC21DA8D5770063F7FE /* YZInputView.h */ = {isa = PBXFileReference; fileEncoding = 4; lastKnownFileType = sourcecode.c.h; path = YZInputView.h; sourceTree = "<group>"; };
		BC00DCC31DA8D5770063F7FE /* YZInputView.m */ = {isa = PBXFileReference; fileEncoding = 4; lastKnownFileType = sourcecode.c.objc; path = YZInputView.m; sourceTree = "<group>"; };
		BC00DCC51DA8E5540063F7FE /* MSMaterialFillInWithSearchSection.h */ = {isa = PBXFileReference; fileEncoding = 4; lastKnownFileType = sourcecode.c.h; path = MSMaterialFillInWithSearchSection.h; sourceTree = "<group>"; };
		BC00DCC61DA8E5540063F7FE /* MSMaterialFillInWithSearchSection.m */ = {isa = PBXFileReference; fileEncoding = 4; lastKnownFileType = sourcecode.c.objc; path = MSMaterialFillInWithSearchSection.m; sourceTree = "<group>"; };
		BC00DCC81DA8E9A50063F7FE /* MSMaterialFillInNomalSection.h */ = {isa = PBXFileReference; fileEncoding = 4; lastKnownFileType = sourcecode.c.h; path = MSMaterialFillInNomalSection.h; sourceTree = "<group>"; };
		BC00DCC91DA8E9A50063F7FE /* MSMaterialFillInNomalSection.m */ = {isa = PBXFileReference; fileEncoding = 4; lastKnownFileType = sourcecode.c.objc; path = MSMaterialFillInNomalSection.m; sourceTree = "<group>"; };
		BC25B8FF1DA1ED8B008EDFB2 /* MSTreasuryManager.app */ = {isa = PBXFileReference; explicitFileType = wrapper.application; includeInIndex = 0; path = MSTreasuryManager.app; sourceTree = BUILT_PRODUCTS_DIR; };
		BC25B9031DA1ED8B008EDFB2 /* main.m */ = {isa = PBXFileReference; lastKnownFileType = sourcecode.c.objc; path = main.m; sourceTree = "<group>"; };
		BC25B9051DA1ED8B008EDFB2 /* AppDelegate.h */ = {isa = PBXFileReference; lastKnownFileType = sourcecode.c.h; path = AppDelegate.h; sourceTree = "<group>"; };
		BC25B9061DA1ED8B008EDFB2 /* AppDelegate.m */ = {isa = PBXFileReference; lastKnownFileType = sourcecode.c.objc; path = AppDelegate.m; sourceTree = "<group>"; };
		BC25B9081DA1ED8B008EDFB2 /* ViewController.h */ = {isa = PBXFileReference; lastKnownFileType = sourcecode.c.h; path = ViewController.h; sourceTree = "<group>"; };
		BC25B9091DA1ED8B008EDFB2 /* ViewController.m */ = {isa = PBXFileReference; lastKnownFileType = sourcecode.c.objc; path = ViewController.m; sourceTree = "<group>"; };
		BC25B90C1DA1ED8B008EDFB2 /* Base */ = {isa = PBXFileReference; lastKnownFileType = file.storyboard; name = Base; path = Base.lproj/Main.storyboard; sourceTree = "<group>"; };
		BC25B90E1DA1ED8B008EDFB2 /* Assets.xcassets */ = {isa = PBXFileReference; lastKnownFileType = folder.assetcatalog; path = Assets.xcassets; sourceTree = "<group>"; };
		BC25B9111DA1ED8B008EDFB2 /* Base */ = {isa = PBXFileReference; lastKnownFileType = file.storyboard; name = Base; path = Base.lproj/LaunchScreen.storyboard; sourceTree = "<group>"; };
		BC25B9131DA1ED8B008EDFB2 /* Info.plist */ = {isa = PBXFileReference; lastKnownFileType = text.plist.xml; path = Info.plist; sourceTree = "<group>"; };
		BC25B9181DA1ED8C008EDFB2 /* MSTreasuryManagerTests.xctest */ = {isa = PBXFileReference; explicitFileType = wrapper.cfbundle; includeInIndex = 0; path = MSTreasuryManagerTests.xctest; sourceTree = BUILT_PRODUCTS_DIR; };
		BC25B91C1DA1ED8C008EDFB2 /* MSTreasuryManagerTests.m */ = {isa = PBXFileReference; lastKnownFileType = sourcecode.c.objc; path = MSTreasuryManagerTests.m; sourceTree = "<group>"; };
		BC25B91E1DA1ED8C008EDFB2 /* Info.plist */ = {isa = PBXFileReference; lastKnownFileType = text.plist.xml; path = Info.plist; sourceTree = "<group>"; };
		BC25B9231DA1ED8C008EDFB2 /* MSTreasuryManagerUITests.xctest */ = {isa = PBXFileReference; explicitFileType = wrapper.cfbundle; includeInIndex = 0; path = MSTreasuryManagerUITests.xctest; sourceTree = BUILT_PRODUCTS_DIR; };
		BC25B9271DA1ED8C008EDFB2 /* MSTreasuryManagerUITests.m */ = {isa = PBXFileReference; lastKnownFileType = sourcecode.c.objc; path = MSTreasuryManagerUITests.m; sourceTree = "<group>"; };
		BC25B9291DA1ED8C008EDFB2 /* Info.plist */ = {isa = PBXFileReference; lastKnownFileType = text.plist.xml; path = Info.plist; sourceTree = "<group>"; };
		BC25B98D1DA1F12A008EDFB2 /* msconsts.h */ = {isa = PBXFileReference; lastKnownFileType = sourcecode.c.h; path = msconsts.h; sourceTree = "<group>"; };
		BC25B98E1DA1F12A008EDFB2 /* MSPrefixHeader.pch */ = {isa = PBXFileReference; lastKnownFileType = sourcecode.c.h; path = MSPrefixHeader.pch; sourceTree = "<group>"; };
		BC25B9931DA1F1E2008EDFB2 /* NSDate+MSExtension.h */ = {isa = PBXFileReference; fileEncoding = 4; lastKnownFileType = sourcecode.c.h; path = "NSDate+MSExtension.h"; sourceTree = "<group>"; };
		BC25B9941DA1F1E2008EDFB2 /* NSDate+MSExtension.m */ = {isa = PBXFileReference; fileEncoding = 4; lastKnownFileType = sourcecode.c.objc; path = "NSDate+MSExtension.m"; sourceTree = "<group>"; };
		BC25B9961DA1F1E2008EDFB2 /* NSString+Code.h */ = {isa = PBXFileReference; fileEncoding = 4; lastKnownFileType = sourcecode.c.h; path = "NSString+Code.h"; sourceTree = "<group>"; };
		BC25B9971DA1F1E2008EDFB2 /* NSString+Code.m */ = {isa = PBXFileReference; fileEncoding = 4; lastKnownFileType = sourcecode.c.objc; path = "NSString+Code.m"; sourceTree = "<group>"; };
		BC25B9981DA1F1E2008EDFB2 /* NSString+Util.h */ = {isa = PBXFileReference; fileEncoding = 4; lastKnownFileType = sourcecode.c.h; path = "NSString+Util.h"; sourceTree = "<group>"; };
		BC25B9991DA1F1E2008EDFB2 /* NSString+Util.m */ = {isa = PBXFileReference; fileEncoding = 4; lastKnownFileType = sourcecode.c.objc; path = "NSString+Util.m"; sourceTree = "<group>"; };
		BC25B99B1DA1F1E2008EDFB2 /* UIColor+MSUtil.h */ = {isa = PBXFileReference; fileEncoding = 4; lastKnownFileType = sourcecode.c.h; path = "UIColor+MSUtil.h"; sourceTree = "<group>"; };
		BC25B99C1DA1F1E2008EDFB2 /* UIColor+MSUtil.m */ = {isa = PBXFileReference; fileEncoding = 4; lastKnownFileType = sourcecode.c.objc; path = "UIColor+MSUtil.m"; sourceTree = "<group>"; };
		BC25B99F1DA1F1E2008EDFB2 /* UIImage+RoundedCorner.h */ = {isa = PBXFileReference; fileEncoding = 4; lastKnownFileType = sourcecode.c.h; path = "UIImage+RoundedCorner.h"; sourceTree = "<group>"; };
		BC25B9A01DA1F1E2008EDFB2 /* UIImage+RoundedCorner.m */ = {isa = PBXFileReference; fileEncoding = 4; lastKnownFileType = sourcecode.c.objc; path = "UIImage+RoundedCorner.m"; sourceTree = "<group>"; };
		BC25B9A11DA1F1E2008EDFB2 /* UIView+RoundedCorner.h */ = {isa = PBXFileReference; fileEncoding = 4; lastKnownFileType = sourcecode.c.h; path = "UIView+RoundedCorner.h"; sourceTree = "<group>"; };
		BC25B9A21DA1F1E2008EDFB2 /* UIView+RoundedCorner.m */ = {isa = PBXFileReference; fileEncoding = 4; lastKnownFileType = sourcecode.c.objc; path = "UIView+RoundedCorner.m"; sourceTree = "<group>"; };
		BC25B9A31DA1F1E2008EDFB2 /* UIImageView+CornerRadius.h */ = {isa = PBXFileReference; fileEncoding = 4; lastKnownFileType = sourcecode.c.h; path = "UIImageView+CornerRadius.h"; sourceTree = "<group>"; };
		BC25B9A41DA1F1E2008EDFB2 /* UIImageView+CornerRadius.m */ = {isa = PBXFileReference; fileEncoding = 4; lastKnownFileType = sourcecode.c.objc; path = "UIImageView+CornerRadius.m"; sourceTree = "<group>"; };
		BC25B9A51DA1F1E2008EDFB2 /* UIView+MSUtil.h */ = {isa = PBXFileReference; fileEncoding = 4; lastKnownFileType = sourcecode.c.h; path = "UIView+MSUtil.h"; sourceTree = "<group>"; };
		BC25B9A61DA1F1E2008EDFB2 /* UIView+MSUtil.m */ = {isa = PBXFileReference; fileEncoding = 4; lastKnownFileType = sourcecode.c.objc; path = "UIView+MSUtil.m"; sourceTree = "<group>"; };
		BC25B9B01DA1F3BB008EDFB2 /* CYLPlusButton.h */ = {isa = PBXFileReference; fileEncoding = 4; lastKnownFileType = sourcecode.c.h; path = CYLPlusButton.h; sourceTree = "<group>"; };
		BC25B9B11DA1F3BB008EDFB2 /* CYLPlusButton.m */ = {isa = PBXFileReference; fileEncoding = 4; lastKnownFileType = sourcecode.c.objc; path = CYLPlusButton.m; sourceTree = "<group>"; };
		BC25B9B21DA1F3BB008EDFB2 /* CYLTabBar.h */ = {isa = PBXFileReference; fileEncoding = 4; lastKnownFileType = sourcecode.c.h; path = CYLTabBar.h; sourceTree = "<group>"; };
		BC25B9B31DA1F3BB008EDFB2 /* CYLTabBar.m */ = {isa = PBXFileReference; fileEncoding = 4; lastKnownFileType = sourcecode.c.objc; path = CYLTabBar.m; sourceTree = "<group>"; };
		BC25B9B41DA1F3BB008EDFB2 /* CYLTabBarController.h */ = {isa = PBXFileReference; fileEncoding = 4; lastKnownFileType = sourcecode.c.h; path = CYLTabBarController.h; sourceTree = "<group>"; };
		BC25B9B51DA1F3BB008EDFB2 /* CYLTabBarController.m */ = {isa = PBXFileReference; fileEncoding = 4; lastKnownFileType = sourcecode.c.objc; path = CYLTabBarController.m; sourceTree = "<group>"; };
		BC25B9B61DA1F3BB008EDFB2 /* UIViewController+CYLTabBarControllerExtention.h */ = {isa = PBXFileReference; fileEncoding = 4; lastKnownFileType = sourcecode.c.h; path = "UIViewController+CYLTabBarControllerExtention.h"; sourceTree = "<group>"; };
		BC25B9B71DA1F3BB008EDFB2 /* UIViewController+CYLTabBarControllerExtention.m */ = {isa = PBXFileReference; fileEncoding = 4; lastKnownFileType = sourcecode.c.objc; path = "UIViewController+CYLTabBarControllerExtention.m"; sourceTree = "<group>"; };
		BC25B9BA1DA1F3BB008EDFB2 /* ZCApiAction.h */ = {isa = PBXFileReference; fileEncoding = 4; lastKnownFileType = sourcecode.c.h; path = ZCApiAction.h; sourceTree = "<group>"; };
		BC25B9BB1DA1F3BB008EDFB2 /* ZCApiAction.m */ = {isa = PBXFileReference; fileEncoding = 4; lastKnownFileType = sourcecode.c.objc; path = ZCApiAction.m; sourceTree = "<group>"; };
		BC25B9BC1DA1F3BB008EDFB2 /* ZCApiDownloadAction.h */ = {isa = PBXFileReference; fileEncoding = 4; lastKnownFileType = sourcecode.c.h; path = ZCApiDownloadAction.h; sourceTree = "<group>"; };
		BC25B9BD1DA1F3BB008EDFB2 /* ZCApiDownloadAction.m */ = {isa = PBXFileReference; fileEncoding = 4; lastKnownFileType = sourcecode.c.objc; path = ZCApiDownloadAction.m; sourceTree = "<group>"; };
		BC25B9BE1DA1F3BB008EDFB2 /* ZCApiLauncher.h */ = {isa = PBXFileReference; fileEncoding = 4; lastKnownFileType = sourcecode.c.h; path = ZCApiLauncher.h; sourceTree = "<group>"; };
		BC25B9BF1DA1F3BB008EDFB2 /* ZCApiRunner.h */ = {isa = PBXFileReference; fileEncoding = 4; lastKnownFileType = sourcecode.c.h; path = ZCApiRunner.h; sourceTree = "<group>"; };
		BC25B9C01DA1F3BB008EDFB2 /* ZCApiRunner.m */ = {isa = PBXFileReference; fileEncoding = 4; lastKnownFileType = sourcecode.c.objc; path = ZCApiRunner.m; sourceTree = "<group>"; };
		BC25B9C11DA1F3BB008EDFB2 /* ZCApiUploadAction.h */ = {isa = PBXFileReference; fileEncoding = 4; lastKnownFileType = sourcecode.c.h; path = ZCApiUploadAction.h; sourceTree = "<group>"; };
		BC25B9C21DA1F3BB008EDFB2 /* ZCApiUploadAction.m */ = {isa = PBXFileReference; fileEncoding = 4; lastKnownFileType = sourcecode.c.objc; path = ZCApiUploadAction.m; sourceTree = "<group>"; };
		BC25B9C31DA1F3BB008EDFB2 /* ZCBlockDefine.h */ = {isa = PBXFileReference; fileEncoding = 4; lastKnownFileType = sourcecode.c.h; path = ZCBlockDefine.h; sourceTree = "<group>"; };
		BC25B9C41DA1F3BB008EDFB2 /* ZCChainProcessor.h */ = {isa = PBXFileReference; fileEncoding = 4; lastKnownFileType = sourcecode.c.h; path = ZCChainProcessor.h; sourceTree = "<group>"; };
		BC25B9C51DA1F3BB008EDFB2 /* ZCChainProcessor.m */ = {isa = PBXFileReference; fileEncoding = 4; lastKnownFileType = sourcecode.c.objc; path = ZCChainProcessor.m; sourceTree = "<group>"; };
		BC25B9C61DA1F3BB008EDFB2 /* ZCNetworking.h */ = {isa = PBXFileReference; fileEncoding = 4; lastKnownFileType = sourcecode.c.h; path = ZCNetworking.h; sourceTree = "<group>"; };
		BC25B9C71DA1F3BB008EDFB2 /* ZCNetworking.m */ = {isa = PBXFileReference; fileEncoding = 4; lastKnownFileType = sourcecode.c.objc; path = ZCNetworking.m; sourceTree = "<group>"; };
		BC25B9D21DA1F3E4008EDFB2 /* MSNetworking.h */ = {isa = PBXFileReference; fileEncoding = 4; lastKnownFileType = sourcecode.c.h; path = MSNetworking.h; sourceTree = "<group>"; };
		BC25B9D31DA1F3E4008EDFB2 /* MSNetworking.m */ = {isa = PBXFileReference; fileEncoding = 4; lastKnownFileType = sourcecode.c.objc; path = MSNetworking.m; sourceTree = "<group>"; };
		BC25B9D51DA1F41D008EDFB2 /* MSTabBarControllerConfig.h */ = {isa = PBXFileReference; fileEncoding = 4; lastKnownFileType = sourcecode.c.h; path = MSTabBarControllerConfig.h; sourceTree = "<group>"; };
		BC25B9D61DA1F41D008EDFB2 /* MSTabBarControllerConfig.m */ = {isa = PBXFileReference; fileEncoding = 4; lastKnownFileType = sourcecode.c.objc; path = MSTabBarControllerConfig.m; sourceTree = "<group>"; };
		BC25B9D81DA1F469008EDFB2 /* MSBaseTabBarController.h */ = {isa = PBXFileReference; fileEncoding = 4; lastKnownFileType = sourcecode.c.h; path = MSBaseTabBarController.h; sourceTree = "<group>"; };
		BC25B9D91DA1F469008EDFB2 /* MSBaseTabBarController.m */ = {isa = PBXFileReference; fileEncoding = 4; lastKnownFileType = sourcecode.c.objc; path = MSBaseTabBarController.m; sourceTree = "<group>"; };
		BC25B9DA1DA1F469008EDFB2 /* MSBaseViewController.h */ = {isa = PBXFileReference; fileEncoding = 4; lastKnownFileType = sourcecode.c.h; path = MSBaseViewController.h; sourceTree = "<group>"; };
		BC25B9DB1DA1F469008EDFB2 /* MSBaseViewController.m */ = {isa = PBXFileReference; fileEncoding = 4; lastKnownFileType = sourcecode.c.objc; path = MSBaseViewController.m; sourceTree = "<group>"; };
		BC25B9DE1DA1F4B3008EDFB2 /* MSBaseNavigationController.h */ = {isa = PBXFileReference; fileEncoding = 4; lastKnownFileType = sourcecode.c.h; path = MSBaseNavigationController.h; sourceTree = "<group>"; };
		BC25B9DF1DA1F4B3008EDFB2 /* MSBaseNavigationController.m */ = {isa = PBXFileReference; fileEncoding = 4; lastKnownFileType = sourcecode.c.objc; path = MSBaseNavigationController.m; sourceTree = "<group>"; };
		BC25B9E11DA1F4E4008EDFB2 /* MSHomeViewController.h */ = {isa = PBXFileReference; fileEncoding = 4; lastKnownFileType = sourcecode.c.h; path = MSHomeViewController.h; sourceTree = "<group>"; };
		BC25B9E21DA1F4E4008EDFB2 /* MSHomeViewController.m */ = {isa = PBXFileReference; fileEncoding = 4; lastKnownFileType = sourcecode.c.objc; path = MSHomeViewController.m; sourceTree = "<group>"; };
		C4D0B10F7BE1F8C331A820F4 /* Pods-MSTreasuryManagerUITests.debug.xcconfig */ = {isa = PBXFileReference; includeInIndex = 1; lastKnownFileType = text.xcconfig; name = "Pods-MSTreasuryManagerUITests.debug.xcconfig"; path = "Pods/Target Support Files/Pods-MSTreasuryManagerUITests/Pods-MSTreasuryManagerUITests.debug.xcconfig"; sourceTree = "<group>"; };
		C5D3895E884ACF3F26C884EA /* Pods-MSTreasuryManagerTests.debug.xcconfig */ = {isa = PBXFileReference; includeInIndex = 1; lastKnownFileType = text.xcconfig; name = "Pods-MSTreasuryManagerTests.debug.xcconfig"; path = "Pods/Target Support Files/Pods-MSTreasuryManagerTests/Pods-MSTreasuryManagerTests.debug.xcconfig"; sourceTree = "<group>"; };
		CFF8944BC6D2C468FDA8CA54 /* Pods-MSTreasuryManagerTests.release.xcconfig */ = {isa = PBXFileReference; includeInIndex = 1; lastKnownFileType = text.xcconfig; name = "Pods-MSTreasuryManagerTests.release.xcconfig"; path = "Pods/Target Support Files/Pods-MSTreasuryManagerTests/Pods-MSTreasuryManagerTests.release.xcconfig"; sourceTree = "<group>"; };
		F50451818B7BCADBBF7EDF5D /* libPods-MSTreasuryManager.a */ = {isa = PBXFileReference; explicitFileType = archive.ar; includeInIndex = 0; path = "libPods-MSTreasuryManager.a"; sourceTree = BUILT_PRODUCTS_DIR; };
		FCD14FB8AD8938064E1CA623 /* libPods-MSTreasuryManagerTests.a */ = {isa = PBXFileReference; explicitFileType = archive.ar; includeInIndex = 0; path = "libPods-MSTreasuryManagerTests.a"; sourceTree = BUILT_PRODUCTS_DIR; };
/* End PBXFileReference section */

/* Begin PBXFrameworksBuildPhase section */
		BC25B8FC1DA1ED8B008EDFB2 /* Frameworks */ = {
			isa = PBXFrameworksBuildPhase;
			buildActionMask = 2147483647;
			files = (
				37B909AF91BD9E1EEA2AC706 /* libPods-MSTreasuryManager.a in Frameworks */,
			);
			runOnlyForDeploymentPostprocessing = 0;
		};
		BC25B9151DA1ED8C008EDFB2 /* Frameworks */ = {
			isa = PBXFrameworksBuildPhase;
			buildActionMask = 2147483647;
			files = (
				43690FD02A5F3C579B2F199B /* libPods-MSTreasuryManagerTests.a in Frameworks */,
			);
			runOnlyForDeploymentPostprocessing = 0;
		};
		BC25B9201DA1ED8C008EDFB2 /* Frameworks */ = {
			isa = PBXFrameworksBuildPhase;
			buildActionMask = 2147483647;
			files = (
				3A7C5FDB01369BBDCA4DC293 /* libPods-MSTreasuryManagerUITests.a in Frameworks */,
			);
			runOnlyForDeploymentPostprocessing = 0;
		};
/* End PBXFrameworksBuildPhase section */

/* Begin PBXGroup section */
		36406599D4298859C276174F /* Frameworks */ = {
			isa = PBXGroup;
			children = (
				F50451818B7BCADBBF7EDF5D /* libPods-MSTreasuryManager.a */,
				FCD14FB8AD8938064E1CA623 /* libPods-MSTreasuryManagerTests.a */,
				3B3996B452F466486FB1BF93 /* libPods-MSTreasuryManagerUITests.a */,
			);
			name = Frameworks;
			sourceTree = "<group>";
		};
		94438F023F842BACB2806882 /* Pods */ = {
			isa = PBXGroup;
			children = (
				03C01CE9C2B33EF403CE9DCC /* Pods-MSTreasuryManager.debug.xcconfig */,
				75F47D9C8AB86418EDA43784 /* Pods-MSTreasuryManager.release.xcconfig */,
				C5D3895E884ACF3F26C884EA /* Pods-MSTreasuryManagerTests.debug.xcconfig */,
				CFF8944BC6D2C468FDA8CA54 /* Pods-MSTreasuryManagerTests.release.xcconfig */,
				C4D0B10F7BE1F8C331A820F4 /* Pods-MSTreasuryManagerUITests.debug.xcconfig */,
				6D8E0C5D4687480595A21928 /* Pods-MSTreasuryManagerUITests.release.xcconfig */,
			);
			name = Pods;
			sourceTree = "<group>";
		};
		BC00DCAE1DA89AAA0063F7FE /* LiveWork */ = {
			isa = PBXGroup;
			children = (
				BC00DCAF1DA89AAA0063F7FE /* Model */,
				BC00DCB01DA89AAA0063F7FE /* View */,
				BC00DCB11DA89AAA0063F7FE /* ViewController */,
			);
			path = LiveWork;
			sourceTree = "<group>";
		};
		BC00DCAF1DA89AAA0063F7FE /* Model */ = {
			isa = PBXGroup;
			children = (
			);
			path = Model;
			sourceTree = "<group>";
		};
		BC00DCB01DA89AAA0063F7FE /* View */ = {
			isa = PBXGroup;
			children = (
			);
			path = View;
			sourceTree = "<group>";
		};
		BC00DCB11DA89AAA0063F7FE /* ViewController */ = {
			isa = PBXGroup;
			children = (
			);
			path = ViewController;
			sourceTree = "<group>";
		};
		BC00DCB21DA89AAA0063F7FE /* Tool */ = {
			isa = PBXGroup;
			children = (
				BC00DCB31DA89AAA0063F7FE /* Model */,
				BC00DCB41DA89AAA0063F7FE /* View */,
				BC00DCB51DA89AAA0063F7FE /* ViewController */,
			);
			path = Tool;
			sourceTree = "<group>";
		};
		BC00DCB31DA89AAA0063F7FE /* Model */ = {
			isa = PBXGroup;
			children = (
			);
			path = Model;
			sourceTree = "<group>";
		};
		BC00DCB41DA89AAA0063F7FE /* View */ = {
			isa = PBXGroup;
			children = (
			);
			path = View;
			sourceTree = "<group>";
		};
		BC00DCB51DA89AAA0063F7FE /* ViewController */ = {
			isa = PBXGroup;
			children = (
			);
			path = ViewController;
			sourceTree = "<group>";
		};
		BC00DCC11DA8D5770063F7FE /* InputView */ = {
			isa = PBXGroup;
			children = (
				BC00DCC21DA8D5770063F7FE /* YZInputView.h */,
				BC00DCC31DA8D5770063F7FE /* YZInputView.m */,
			);
			path = InputView;
			sourceTree = "<group>";
		};
		BC25B8F61DA1ED8B008EDFB2 = {
			isa = PBXGroup;
			children = (
				BC25B9011DA1ED8B008EDFB2 /* MSTreasuryManager */,
				BC25B91B1DA1ED8C008EDFB2 /* MSTreasuryManagerTests */,
				BC25B9261DA1ED8C008EDFB2 /* MSTreasuryManagerUITests */,
				BC25B9001DA1ED8B008EDFB2 /* Products */,
				94438F023F842BACB2806882 /* Pods */,
				36406599D4298859C276174F /* Frameworks */,
			);
			sourceTree = "<group>";
		};
		BC25B9001DA1ED8B008EDFB2 /* Products */ = {
			isa = PBXGroup;
			children = (
				BC25B8FF1DA1ED8B008EDFB2 /* MSTreasuryManager.app */,
				BC25B9181DA1ED8C008EDFB2 /* MSTreasuryManagerTests.xctest */,
				BC25B9231DA1ED8C008EDFB2 /* MSTreasuryManagerUITests.xctest */,
			);
			name = Products;
			sourceTree = "<group>";
		};
		BC25B9011DA1ED8B008EDFB2 /* MSTreasuryManager */ = {
			isa = PBXGroup;
			children = (
				BC25B9591DA1F10D008EDFB2 /* Base */,
				BC25B95D1DA1F10D008EDFB2 /* Classes */,
				BC25B9661DA1F10D008EDFB2 /* Main */,
				BC25B9671DA1F10D008EDFB2 /* Network */,
				BC25B9821DA1F10D008EDFB2 /* Tools */,
				BC25B9351DA1F0B5008EDFB2 /* ThirdLibs */,
				BC25B9051DA1ED8B008EDFB2 /* AppDelegate.h */,
				BC25B9061DA1ED8B008EDFB2 /* AppDelegate.m */,
				BC25B9081DA1ED8B008EDFB2 /* ViewController.h */,
				BC25B9091DA1ED8B008EDFB2 /* ViewController.m */,
				BC25B90B1DA1ED8B008EDFB2 /* Main.storyboard */,
				BC25B90E1DA1ED8B008EDFB2 /* Assets.xcassets */,
				BC25B9101DA1ED8B008EDFB2 /* LaunchScreen.storyboard */,
				BC25B9131DA1ED8B008EDFB2 /* Info.plist */,
				BC25B9021DA1ED8B008EDFB2 /* Supporting Files */,
			);
			path = MSTreasuryManager;
			sourceTree = "<group>";
		};
		BC25B9021DA1ED8B008EDFB2 /* Supporting Files */ = {
			isa = PBXGroup;
			children = (
				BC25B9031DA1ED8B008EDFB2 /* main.m */,
			);
			name = "Supporting Files";
			sourceTree = "<group>";
		};
		BC25B91B1DA1ED8C008EDFB2 /* MSTreasuryManagerTests */ = {
			isa = PBXGroup;
			children = (
				BC25B91C1DA1ED8C008EDFB2 /* MSTreasuryManagerTests.m */,
				BC25B91E1DA1ED8C008EDFB2 /* Info.plist */,
			);
			path = MSTreasuryManagerTests;
			sourceTree = "<group>";
		};
		BC25B9261DA1ED8C008EDFB2 /* MSTreasuryManagerUITests */ = {
			isa = PBXGroup;
			children = (
				BC25B9271DA1ED8C008EDFB2 /* MSTreasuryManagerUITests.m */,
				BC25B9291DA1ED8C008EDFB2 /* Info.plist */,
			);
			path = MSTreasuryManagerUITests;
			sourceTree = "<group>";
		};
		BC25B9351DA1F0B5008EDFB2 /* ThirdLibs */ = {
			isa = PBXGroup;
			children = (
				BC00DCC11DA8D5770063F7FE /* InputView */,
				BC25B9AF1DA1F3BB008EDFB2 /* CYLTabBarController */,
				BC25B9B81DA1F3BB008EDFB2 /* ZCNetworking */,
			);
			path = ThirdLibs;
			sourceTree = "<group>";
		};
		BC25B9591DA1F10D008EDFB2 /* Base */ = {
			isa = PBXGroup;
			children = (
				BC25B95A1DA1F10D008EDFB2 /* Model */,
				BC25B95B1DA1F10D008EDFB2 /* View */,
				BC25B95C1DA1F10D008EDFB2 /* ViewController */,
			);
			path = Base;
			sourceTree = "<group>";
		};
		BC25B95A1DA1F10D008EDFB2 /* Model */ = {
			isa = PBXGroup;
			children = (
			);
			path = Model;
			sourceTree = "<group>";
		};
		BC25B95B1DA1F10D008EDFB2 /* View */ = {
			isa = PBXGroup;
			children = (
			);
			path = View;
			sourceTree = "<group>";
		};
		BC25B95C1DA1F10D008EDFB2 /* ViewController */ = {
			isa = PBXGroup;
			children = (
				BC25B9DE1DA1F4B3008EDFB2 /* MSBaseNavigationController.h */,
				BC25B9DF1DA1F4B3008EDFB2 /* MSBaseNavigationController.m */,
				BC25B9D81DA1F469008EDFB2 /* MSBaseTabBarController.h */,
				BC25B9D91DA1F469008EDFB2 /* MSBaseTabBarController.m */,
				BC25B9DA1DA1F469008EDFB2 /* MSBaseViewController.h */,
				BC25B9DB1DA1F469008EDFB2 /* MSBaseViewController.m */,
			);
			path = ViewController;
			sourceTree = "<group>";
		};
		BC25B95D1DA1F10D008EDFB2 /* Classes */ = {
			isa = PBXGroup;
			children = (
				BC00DCAE1DA89AAA0063F7FE /* LiveWork */,
				BC00DCB21DA89AAA0063F7FE /* Tool */,
				BC25B95E1DA1F10D008EDFB2 /* Home */,
				BC25B9621DA1F10D008EDFB2 /* My */,
			);
			path = Classes;
			sourceTree = "<group>";
		};
		BC25B95E1DA1F10D008EDFB2 /* Home */ = {
			isa = PBXGroup;
			children = (
				BC25B95F1DA1F10D008EDFB2 /* Model */,
				BC25B9601DA1F10D008EDFB2 /* View */,
				BC25B9611DA1F10D008EDFB2 /* ViewController */,
			);
			path = Home;
			sourceTree = "<group>";
		};
		BC25B95F1DA1F10D008EDFB2 /* Model */ = {
			isa = PBXGroup;
			children = (
			);
			path = Model;
			sourceTree = "<group>";
		};
		BC25B9601DA1F10D008EDFB2 /* View */ = {
			isa = PBXGroup;
			children = (
				BC00DCB61DA89FB20063F7FE /* MSHomeCollectionCell.h */,
				BC00DCB71DA89FB20063F7FE /* MSHomeCollectionCell.m */,
				BC00DCC51DA8E5540063F7FE /* MSMaterialFillInWithSearchSection.h */,
				BC00DCC61DA8E5540063F7FE /* MSMaterialFillInWithSearchSection.m */,
				BC00DCC81DA8E9A50063F7FE /* MSMaterialFillInNomalSection.h */,
				BC00DCC91DA8E9A50063F7FE /* MSMaterialFillInNomalSection.m */,
			);
			path = View;
			sourceTree = "<group>";
		};
		BC25B9611DA1F10D008EDFB2 /* ViewController */ = {
			isa = PBXGroup;
			children = (
				BC25B9E11DA1F4E4008EDFB2 /* MSHomeViewController.h */,
				BC25B9E21DA1F4E4008EDFB2 /* MSHomeViewController.m */,
				BC00DCBC1DA8CC0F0063F7FE /* MSMaterialFillInViewController.h */,
				BC00DCBD1DA8CC0F0063F7FE /* MSMaterialFillInViewController.m */,
			);
			path = ViewController;
			sourceTree = "<group>";
		};
		BC25B9621DA1F10D008EDFB2 /* My */ = {
			isa = PBXGroup;
			children = (
				BC25B9631DA1F10D008EDFB2 /* Model */,
				BC25B9641DA1F10D008EDFB2 /* View */,
				BC25B9651DA1F10D008EDFB2 /* ViewController */,
			);
			path = My;
			sourceTree = "<group>";
		};
		BC25B9631DA1F10D008EDFB2 /* Model */ = {
			isa = PBXGroup;
			children = (
			);
			path = Model;
			sourceTree = "<group>";
		};
		BC25B9641DA1F10D008EDFB2 /* View */ = {
			isa = PBXGroup;
			children = (
			);
			path = View;
			sourceTree = "<group>";
		};
		BC25B9651DA1F10D008EDFB2 /* ViewController */ = {
			isa = PBXGroup;
			children = (
			);
			path = ViewController;
			sourceTree = "<group>";
		};
		BC25B9661DA1F10D008EDFB2 /* Main */ = {
			isa = PBXGroup;
			children = (
				BC25B9D51DA1F41D008EDFB2 /* MSTabBarControllerConfig.h */,
				BC25B9D61DA1F41D008EDFB2 /* MSTabBarControllerConfig.m */,
				BC25B98D1DA1F12A008EDFB2 /* msconsts.h */,
				BC25B98E1DA1F12A008EDFB2 /* MSPrefixHeader.pch */,
			);
			path = Main;
			sourceTree = "<group>";
		};
		BC25B9671DA1F10D008EDFB2 /* Network */ = {
			isa = PBXGroup;
			children = (
				BC25B9D21DA1F3E4008EDFB2 /* MSNetworking.h */,
				BC25B9D31DA1F3E4008EDFB2 /* MSNetworking.m */,
			);
			path = Network;
			sourceTree = "<group>";
		};
		BC25B9821DA1F10D008EDFB2 /* Tools */ = {
			isa = PBXGroup;
			children = (
				BC25B9921DA1F1E2008EDFB2 /* NSDate+MSExtension */,
				BC25B9951DA1F1E2008EDFB2 /* NSString+MSExtension */,
				BC25B99A1DA1F1E2008EDFB2 /* UIColor+MSExtension */,
				BC25B99D1DA1F1E2008EDFB2 /* UIView+MSUtil */,
			);
			path = Tools;
			sourceTree = "<group>";
		};
		BC25B9921DA1F1E2008EDFB2 /* NSDate+MSExtension */ = {
			isa = PBXGroup;
			children = (
				BC25B9931DA1F1E2008EDFB2 /* NSDate+MSExtension.h */,
				BC25B9941DA1F1E2008EDFB2 /* NSDate+MSExtension.m */,
			);
			path = "NSDate+MSExtension";
			sourceTree = "<group>";
		};
		BC25B9951DA1F1E2008EDFB2 /* NSString+MSExtension */ = {
			isa = PBXGroup;
			children = (
				BC25B9961DA1F1E2008EDFB2 /* NSString+Code.h */,
				BC25B9971DA1F1E2008EDFB2 /* NSString+Code.m */,
				BC25B9981DA1F1E2008EDFB2 /* NSString+Util.h */,
				BC25B9991DA1F1E2008EDFB2 /* NSString+Util.m */,
			);
			path = "NSString+MSExtension";
			sourceTree = "<group>";
		};
		BC25B99A1DA1F1E2008EDFB2 /* UIColor+MSExtension */ = {
			isa = PBXGroup;
			children = (
				BC25B99B1DA1F1E2008EDFB2 /* UIColor+MSUtil.h */,
				BC25B99C1DA1F1E2008EDFB2 /* UIColor+MSUtil.m */,
			);
			path = "UIColor+MSExtension";
			sourceTree = "<group>";
		};
		BC25B99D1DA1F1E2008EDFB2 /* UIView+MSUtil */ = {
			isa = PBXGroup;
			children = (
				BC25B99E1DA1F1E2008EDFB2 /* JMRoundedCorner */,
				BC25B9A31DA1F1E2008EDFB2 /* UIImageView+CornerRadius.h */,
				BC25B9A41DA1F1E2008EDFB2 /* UIImageView+CornerRadius.m */,
				BC25B9A51DA1F1E2008EDFB2 /* UIView+MSUtil.h */,
				BC25B9A61DA1F1E2008EDFB2 /* UIView+MSUtil.m */,
			);
			path = "UIView+MSUtil";
			sourceTree = "<group>";
		};
		BC25B99E1DA1F1E2008EDFB2 /* JMRoundedCorner */ = {
			isa = PBXGroup;
			children = (
				BC25B99F1DA1F1E2008EDFB2 /* UIImage+RoundedCorner.h */,
				BC25B9A01DA1F1E2008EDFB2 /* UIImage+RoundedCorner.m */,
				BC25B9A11DA1F1E2008EDFB2 /* UIView+RoundedCorner.h */,
				BC25B9A21DA1F1E2008EDFB2 /* UIView+RoundedCorner.m */,
			);
			path = JMRoundedCorner;
			sourceTree = "<group>";
		};
		BC25B9AF1DA1F3BB008EDFB2 /* CYLTabBarController */ = {
			isa = PBXGroup;
			children = (
				BC25B9B01DA1F3BB008EDFB2 /* CYLPlusButton.h */,
				BC25B9B11DA1F3BB008EDFB2 /* CYLPlusButton.m */,
				BC25B9B21DA1F3BB008EDFB2 /* CYLTabBar.h */,
				BC25B9B31DA1F3BB008EDFB2 /* CYLTabBar.m */,
				BC25B9B41DA1F3BB008EDFB2 /* CYLTabBarController.h */,
				BC25B9B51DA1F3BB008EDFB2 /* CYLTabBarController.m */,
				BC25B9B61DA1F3BB008EDFB2 /* UIViewController+CYLTabBarControllerExtention.h */,
				BC25B9B71DA1F3BB008EDFB2 /* UIViewController+CYLTabBarControllerExtention.m */,
			);
			path = CYLTabBarController;
			sourceTree = "<group>";
		};
		BC25B9B81DA1F3BB008EDFB2 /* ZCNetworking */ = {
			isa = PBXGroup;
			children = (
				BC25B9B91DA1F3BB008EDFB2 /* Sources */,
			);
			path = ZCNetworking;
			sourceTree = "<group>";
		};
		BC25B9B91DA1F3BB008EDFB2 /* Sources */ = {
			isa = PBXGroup;
			children = (
				BC25B9BA1DA1F3BB008EDFB2 /* ZCApiAction.h */,
				BC25B9BB1DA1F3BB008EDFB2 /* ZCApiAction.m */,
				BC25B9BC1DA1F3BB008EDFB2 /* ZCApiDownloadAction.h */,
				BC25B9BD1DA1F3BB008EDFB2 /* ZCApiDownloadAction.m */,
				BC25B9BE1DA1F3BB008EDFB2 /* ZCApiLauncher.h */,
				BC25B9BF1DA1F3BB008EDFB2 /* ZCApiRunner.h */,
				BC25B9C01DA1F3BB008EDFB2 /* ZCApiRunner.m */,
				BC25B9C11DA1F3BB008EDFB2 /* ZCApiUploadAction.h */,
				BC25B9C21DA1F3BB008EDFB2 /* ZCApiUploadAction.m */,
				BC25B9C31DA1F3BB008EDFB2 /* ZCBlockDefine.h */,
				BC25B9C41DA1F3BB008EDFB2 /* ZCChainProcessor.h */,
				BC25B9C51DA1F3BB008EDFB2 /* ZCChainProcessor.m */,
				BC25B9C61DA1F3BB008EDFB2 /* ZCNetworking.h */,
				BC25B9C71DA1F3BB008EDFB2 /* ZCNetworking.m */,
			);
			path = Sources;
			sourceTree = "<group>";
		};
/* End PBXGroup section */

/* Begin PBXNativeTarget section */
		BC25B8FE1DA1ED8B008EDFB2 /* MSTreasuryManager */ = {
			isa = PBXNativeTarget;
			buildConfigurationList = BC25B92C1DA1ED8C008EDFB2 /* Build configuration list for PBXNativeTarget "MSTreasuryManager" */;
			buildPhases = (
				CACE93AED6C65CCAB64266B4 /* [CP] Check Pods Manifest.lock */,
				BC25B8FB1DA1ED8B008EDFB2 /* Sources */,
				BC25B8FC1DA1ED8B008EDFB2 /* Frameworks */,
				BC25B8FD1DA1ED8B008EDFB2 /* Resources */,
				CE009F4A3A8B9E96AFC63ACD /* [CP] Embed Pods Frameworks */,
				E37D2791C51E1707701E0641 /* [CP] Copy Pods Resources */,
			);
			buildRules = (
			);
			dependencies = (
			);
			name = MSTreasuryManager;
			productName = MSTreasuryManager;
			productReference = BC25B8FF1DA1ED8B008EDFB2 /* MSTreasuryManager.app */;
			productType = "com.apple.product-type.application";
		};
		BC25B9171DA1ED8C008EDFB2 /* MSTreasuryManagerTests */ = {
			isa = PBXNativeTarget;
			buildConfigurationList = BC25B92F1DA1ED8C008EDFB2 /* Build configuration list for PBXNativeTarget "MSTreasuryManagerTests" */;
			buildPhases = (
				68E1046A37CC7CCA9C378DB6 /* [CP] Check Pods Manifest.lock */,
				BC25B9141DA1ED8C008EDFB2 /* Sources */,
				BC25B9151DA1ED8C008EDFB2 /* Frameworks */,
				BC25B9161DA1ED8C008EDFB2 /* Resources */,
				9BBEB3942F02CB200BFC2B43 /* [CP] Embed Pods Frameworks */,
				B321D10358B9C9BD85A170C0 /* [CP] Copy Pods Resources */,
			);
			buildRules = (
			);
			dependencies = (
				BC25B91A1DA1ED8C008EDFB2 /* PBXTargetDependency */,
			);
			name = MSTreasuryManagerTests;
			productName = MSTreasuryManagerTests;
			productReference = BC25B9181DA1ED8C008EDFB2 /* MSTreasuryManagerTests.xctest */;
			productType = "com.apple.product-type.bundle.unit-test";
		};
		BC25B9221DA1ED8C008EDFB2 /* MSTreasuryManagerUITests */ = {
			isa = PBXNativeTarget;
			buildConfigurationList = BC25B9321DA1ED8C008EDFB2 /* Build configuration list for PBXNativeTarget "MSTreasuryManagerUITests" */;
			buildPhases = (
				8D2DA766E93A1AD40D4AA5B3 /* [CP] Check Pods Manifest.lock */,
				BC25B91F1DA1ED8C008EDFB2 /* Sources */,
				BC25B9201DA1ED8C008EDFB2 /* Frameworks */,
				BC25B9211DA1ED8C008EDFB2 /* Resources */,
				29DEE243D918B328682988CA /* [CP] Copy Pods Resources */,
			);
			buildRules = (
			);
			dependencies = (
				BC25B9251DA1ED8C008EDFB2 /* PBXTargetDependency */,
			);
			name = MSTreasuryManagerUITests;
			productName = MSTreasuryManagerUITests;
			productReference = BC25B9231DA1ED8C008EDFB2 /* MSTreasuryManagerUITests.xctest */;
			productType = "com.apple.product-type.bundle.ui-testing";
		};
/* End PBXNativeTarget section */

/* Begin PBXProject section */
		BC25B8F71DA1ED8B008EDFB2 /* Project object */ = {
			isa = PBXProject;
			attributes = {
				LastUpgradeCheck = 0800;
				ORGANIZATIONNAME = "邓利文";
				TargetAttributes = {
					BC25B8FE1DA1ED8B008EDFB2 = {
						CreatedOnToolsVersion = 8.0;
						ProvisioningStyle = Automatic;
					};
					BC25B9171DA1ED8C008EDFB2 = {
						CreatedOnToolsVersion = 8.0;
						ProvisioningStyle = Automatic;
						TestTargetID = BC25B8FE1DA1ED8B008EDFB2;
					};
					BC25B9221DA1ED8C008EDFB2 = {
						CreatedOnToolsVersion = 8.0;
						ProvisioningStyle = Automatic;
						TestTargetID = BC25B8FE1DA1ED8B008EDFB2;
					};
				};
			};
			buildConfigurationList = BC25B8FA1DA1ED8B008EDFB2 /* Build configuration list for PBXProject "MSTreasuryManager" */;
			compatibilityVersion = "Xcode 3.2";
			developmentRegion = English;
			hasScannedForEncodings = 0;
			knownRegions = (
				en,
				Base,
			);
			mainGroup = BC25B8F61DA1ED8B008EDFB2;
			productRefGroup = BC25B9001DA1ED8B008EDFB2 /* Products */;
			projectDirPath = "";
			projectRoot = "";
			targets = (
				BC25B8FE1DA1ED8B008EDFB2 /* MSTreasuryManager */,
				BC25B9171DA1ED8C008EDFB2 /* MSTreasuryManagerTests */,
				BC25B9221DA1ED8C008EDFB2 /* MSTreasuryManagerUITests */,
			);
		};
/* End PBXProject section */

/* Begin PBXResourcesBuildPhase section */
		BC25B8FD1DA1ED8B008EDFB2 /* Resources */ = {
			isa = PBXResourcesBuildPhase;
			buildActionMask = 2147483647;
			files = (
				BC25B9121DA1ED8B008EDFB2 /* LaunchScreen.storyboard in Resources */,
				BC25B90F1DA1ED8B008EDFB2 /* Assets.xcassets in Resources */,
				BC25B90D1DA1ED8B008EDFB2 /* Main.storyboard in Resources */,
			);
			runOnlyForDeploymentPostprocessing = 0;
		};
		BC25B9161DA1ED8C008EDFB2 /* Resources */ = {
			isa = PBXResourcesBuildPhase;
			buildActionMask = 2147483647;
			files = (
			);
			runOnlyForDeploymentPostprocessing = 0;
		};
		BC25B9211DA1ED8C008EDFB2 /* Resources */ = {
			isa = PBXResourcesBuildPhase;
			buildActionMask = 2147483647;
			files = (
			);
			runOnlyForDeploymentPostprocessing = 0;
		};
/* End PBXResourcesBuildPhase section */

/* Begin PBXShellScriptBuildPhase section */
		29DEE243D918B328682988CA /* [CP] Copy Pods Resources */ = {
			isa = PBXShellScriptBuildPhase;
			buildActionMask = 2147483647;
			files = (
			);
			inputPaths = (
			);
			name = "[CP] Copy Pods Resources";
			outputPaths = (
			);
			runOnlyForDeploymentPostprocessing = 0;
			shellPath = /bin/sh;
			shellScript = "\"${SRCROOT}/Pods/Target Support Files/Pods-MSTreasuryManagerUITests/Pods-MSTreasuryManagerUITests-resources.sh\"\n";
			showEnvVarsInLog = 0;
		};
		68E1046A37CC7CCA9C378DB6 /* [CP] Check Pods Manifest.lock */ = {
			isa = PBXShellScriptBuildPhase;
			buildActionMask = 2147483647;
			files = (
			);
			inputPaths = (
			);
			name = "[CP] Check Pods Manifest.lock";
			outputPaths = (
			);
			runOnlyForDeploymentPostprocessing = 0;
			shellPath = /bin/sh;
			shellScript = "diff \"${PODS_ROOT}/../Podfile.lock\" \"${PODS_ROOT}/Manifest.lock\" > /dev/null\nif [[ $? != 0 ]] ; then\n    cat << EOM\nerror: The sandbox is not in sync with the Podfile.lock. Run 'pod install' or update your CocoaPods installation.\nEOM\n    exit 1\nfi\n";
			showEnvVarsInLog = 0;
		};
		8D2DA766E93A1AD40D4AA5B3 /* [CP] Check Pods Manifest.lock */ = {
			isa = PBXShellScriptBuildPhase;
			buildActionMask = 2147483647;
			files = (
			);
			inputPaths = (
			);
			name = "[CP] Check Pods Manifest.lock";
			outputPaths = (
			);
			runOnlyForDeploymentPostprocessing = 0;
			shellPath = /bin/sh;
			shellScript = "diff \"${PODS_ROOT}/../Podfile.lock\" \"${PODS_ROOT}/Manifest.lock\" > /dev/null\nif [[ $? != 0 ]] ; then\n    cat << EOM\nerror: The sandbox is not in sync with the Podfile.lock. Run 'pod install' or update your CocoaPods installation.\nEOM\n    exit 1\nfi\n";
			showEnvVarsInLog = 0;
		};
		9BBEB3942F02CB200BFC2B43 /* [CP] Embed Pods Frameworks */ = {
			isa = PBXShellScriptBuildPhase;
			buildActionMask = 2147483647;
			files = (
			);
			inputPaths = (
			);
			name = "[CP] Embed Pods Frameworks";
			outputPaths = (
			);
			runOnlyForDeploymentPostprocessing = 0;
			shellPath = /bin/sh;
			shellScript = "\"${SRCROOT}/Pods/Target Support Files/Pods-MSTreasuryManagerTests/Pods-MSTreasuryManagerTests-frameworks.sh\"\n";
			showEnvVarsInLog = 0;
		};
		B321D10358B9C9BD85A170C0 /* [CP] Copy Pods Resources */ = {
			isa = PBXShellScriptBuildPhase;
			buildActionMask = 2147483647;
			files = (
			);
			inputPaths = (
			);
			name = "[CP] Copy Pods Resources";
			outputPaths = (
			);
			runOnlyForDeploymentPostprocessing = 0;
			shellPath = /bin/sh;
			shellScript = "\"${SRCROOT}/Pods/Target Support Files/Pods-MSTreasuryManagerTests/Pods-MSTreasuryManagerTests-resources.sh\"\n";
			showEnvVarsInLog = 0;
		};
		CACE93AED6C65CCAB64266B4 /* [CP] Check Pods Manifest.lock */ = {
			isa = PBXShellScriptBuildPhase;
			buildActionMask = 2147483647;
			files = (
			);
			inputPaths = (
			);
			name = "[CP] Check Pods Manifest.lock";
			outputPaths = (
			);
			runOnlyForDeploymentPostprocessing = 0;
			shellPath = /bin/sh;
			shellScript = "diff \"${PODS_ROOT}/../Podfile.lock\" \"${PODS_ROOT}/Manifest.lock\" > /dev/null\nif [[ $? != 0 ]] ; then\n    cat << EOM\nerror: The sandbox is not in sync with the Podfile.lock. Run 'pod install' or update your CocoaPods installation.\nEOM\n    exit 1\nfi\n";
			showEnvVarsInLog = 0;
		};
		CE009F4A3A8B9E96AFC63ACD /* [CP] Embed Pods Frameworks */ = {
			isa = PBXShellScriptBuildPhase;
			buildActionMask = 2147483647;
			files = (
			);
			inputPaths = (
			);
			name = "[CP] Embed Pods Frameworks";
			outputPaths = (
			);
			runOnlyForDeploymentPostprocessing = 0;
			shellPath = /bin/sh;
			shellScript = "\"${SRCROOT}/Pods/Target Support Files/Pods-MSTreasuryManager/Pods-MSTreasuryManager-frameworks.sh\"\n";
			showEnvVarsInLog = 0;
		};
		E37D2791C51E1707701E0641 /* [CP] Copy Pods Resources */ = {
			isa = PBXShellScriptBuildPhase;
			buildActionMask = 2147483647;
			files = (
			);
			inputPaths = (
			);
			name = "[CP] Copy Pods Resources";
			outputPaths = (
			);
			runOnlyForDeploymentPostprocessing = 0;
			shellPath = /bin/sh;
			shellScript = "\"${SRCROOT}/Pods/Target Support Files/Pods-MSTreasuryManager/Pods-MSTreasuryManager-resources.sh\"\n";
			showEnvVarsInLog = 0;
		};
/* End PBXShellScriptBuildPhase section */

/* Begin PBXSourcesBuildPhase section */
		BC25B8FB1DA1ED8B008EDFB2 /* Sources */ = {
			isa = PBXSourcesBuildPhase;
			buildActionMask = 2147483647;
			files = (
				BC25B9D11DA1F3BB008EDFB2 /* ZCNetworking.m in Sources */,
				BC25B9C91DA1F3BB008EDFB2 /* CYLTabBar.m in Sources */,
				BC25B90A1DA1ED8B008EDFB2 /* ViewController.m in Sources */,
				BC25B9CA1DA1F3BB008EDFB2 /* CYLTabBarController.m in Sources */,
				BC25B9D71DA1F41D008EDFB2 /* MSTabBarControllerConfig.m in Sources */,
				BC25B9071DA1ED8B008EDFB2 /* AppDelegate.m in Sources */,
				BC00DCC41DA8D5770063F7FE /* YZInputView.m in Sources */,
				BC00DCB81DA89FB20063F7FE /* MSHomeCollectionCell.m in Sources */,
				BC25B9CB1DA1F3BB008EDFB2 /* UIViewController+CYLTabBarControllerExtention.m in Sources */,
				BC25B9D01DA1F3BB008EDFB2 /* ZCChainProcessor.m in Sources */,
				BC25B9A91DA1F1E2008EDFB2 /* NSString+Util.m in Sources */,
				BC25B9A81DA1F1E2008EDFB2 /* NSString+Code.m in Sources */,
				BC25B9DD1DA1F469008EDFB2 /* MSBaseViewController.m in Sources */,
				BC25B9D41DA1F3E4008EDFB2 /* MSNetworking.m in Sources */,
				BC25B9AC1DA1F1E2008EDFB2 /* UIView+RoundedCorner.m in Sources */,
				BC25B9CF1DA1F3BB008EDFB2 /* ZCApiUploadAction.m in Sources */,
				BC25B9AE1DA1F1E2008EDFB2 /* UIView+MSUtil.m in Sources */,
				BC25B9E31DA1F4E4008EDFB2 /* MSHomeViewController.m in Sources */,
				BC00DCCA1DA8E9A50063F7FE /* MSMaterialFillInNomalSection.m in Sources */,
				BC25B9AD1DA1F1E2008EDFB2 /* UIImageView+CornerRadius.m in Sources */,
				BC25B9AA1DA1F1E2008EDFB2 /* UIColor+MSUtil.m in Sources */,
				BC25B9041DA1ED8B008EDFB2 /* main.m in Sources */,
				BC25B9E01DA1F4B3008EDFB2 /* MSBaseNavigationController.m in Sources */,
				BC00DCBF1DA8CC0F0063F7FE /* MSMaterialFillInViewController.m in Sources */,
				BC25B9CD1DA1F3BB008EDFB2 /* ZCApiDownloadAction.m in Sources */,
				BC25B9AB1DA1F1E2008EDFB2 /* UIImage+RoundedCorner.m in Sources */,
				BC25B9CC1DA1F3BB008EDFB2 /* ZCApiAction.m in Sources */,
				BC25B9C81DA1F3BB008EDFB2 /* CYLPlusButton.m in Sources */,
				BC25B9A71DA1F1E2008EDFB2 /* NSDate+MSExtension.m in Sources */,
				BC00DCC71DA8E5540063F7FE /* MSMaterialFillInWithSearchSection.m in Sources */,
				BC25B9DC1DA1F469008EDFB2 /* MSBaseTabBarController.m in Sources */,
				BC25B9CE1DA1F3BB008EDFB2 /* ZCApiRunner.m in Sources */,
			);
			runOnlyForDeploymentPostprocessing = 0;
		};
		BC25B9141DA1ED8C008EDFB2 /* Sources */ = {
			isa = PBXSourcesBuildPhase;
			buildActionMask = 2147483647;
			files = (
				BC25B91D1DA1ED8C008EDFB2 /* MSTreasuryManagerTests.m in Sources */,
			);
			runOnlyForDeploymentPostprocessing = 0;
		};
		BC25B91F1DA1ED8C008EDFB2 /* Sources */ = {
			isa = PBXSourcesBuildPhase;
			buildActionMask = 2147483647;
			files = (
				BC25B9281DA1ED8C008EDFB2 /* MSTreasuryManagerUITests.m in Sources */,
			);
			runOnlyForDeploymentPostprocessing = 0;
		};
/* End PBXSourcesBuildPhase section */

/* Begin PBXTargetDependency section */
		BC25B91A1DA1ED8C008EDFB2 /* PBXTargetDependency */ = {
			isa = PBXTargetDependency;
			target = BC25B8FE1DA1ED8B008EDFB2 /* MSTreasuryManager */;
			targetProxy = BC25B9191DA1ED8C008EDFB2 /* PBXContainerItemProxy */;
		};
		BC25B9251DA1ED8C008EDFB2 /* PBXTargetDependency */ = {
			isa = PBXTargetDependency;
			target = BC25B8FE1DA1ED8B008EDFB2 /* MSTreasuryManager */;
			targetProxy = BC25B9241DA1ED8C008EDFB2 /* PBXContainerItemProxy */;
		};
/* End PBXTargetDependency section */

/* Begin PBXVariantGroup section */
		BC25B90B1DA1ED8B008EDFB2 /* Main.storyboard */ = {
			isa = PBXVariantGroup;
			children = (
				BC25B90C1DA1ED8B008EDFB2 /* Base */,
			);
			name = Main.storyboard;
			sourceTree = "<group>";
		};
		BC25B9101DA1ED8B008EDFB2 /* LaunchScreen.storyboard */ = {
			isa = PBXVariantGroup;
			children = (
				BC25B9111DA1ED8B008EDFB2 /* Base */,
			);
			name = LaunchScreen.storyboard;
			sourceTree = "<group>";
		};
/* End PBXVariantGroup section */

/* Begin XCBuildConfiguration section */
		BC25B92A1DA1ED8C008EDFB2 /* Debug */ = {
			isa = XCBuildConfiguration;
			buildSettings = {
				ALWAYS_SEARCH_USER_PATHS = NO;
				CLANG_ANALYZER_NONNULL = YES;
				CLANG_CXX_LANGUAGE_STANDARD = "gnu++0x";
				CLANG_CXX_LIBRARY = "libc++";
				CLANG_ENABLE_MODULES = YES;
				CLANG_ENABLE_OBJC_ARC = YES;
				CLANG_WARN_BOOL_CONVERSION = YES;
				CLANG_WARN_CONSTANT_CONVERSION = YES;
				CLANG_WARN_DIRECT_OBJC_ISA_USAGE = YES_ERROR;
				CLANG_WARN_DOCUMENTATION_COMMENTS = YES;
				CLANG_WARN_EMPTY_BODY = YES;
				CLANG_WARN_ENUM_CONVERSION = YES;
				CLANG_WARN_INFINITE_RECURSION = YES;
				CLANG_WARN_INT_CONVERSION = YES;
				CLANG_WARN_OBJC_ROOT_CLASS = YES_ERROR;
				CLANG_WARN_SUSPICIOUS_MOVES = YES;
				CLANG_WARN_UNREACHABLE_CODE = YES;
				CLANG_WARN__DUPLICATE_METHOD_MATCH = YES;
				"CODE_SIGN_IDENTITY[sdk=iphoneos*]" = "iPhone Developer";
				COPY_PHASE_STRIP = NO;
				DEBUG_INFORMATION_FORMAT = dwarf;
				ENABLE_STRICT_OBJC_MSGSEND = YES;
				ENABLE_TESTABILITY = YES;
				GCC_C_LANGUAGE_STANDARD = gnu99;
				GCC_DYNAMIC_NO_PIC = NO;
				GCC_NO_COMMON_BLOCKS = YES;
				GCC_OPTIMIZATION_LEVEL = 0;
				GCC_PREPROCESSOR_DEFINITIONS = (
					"DEBUG=1",
					"$(inherited)",
				);
				GCC_WARN_64_TO_32_BIT_CONVERSION = YES;
				GCC_WARN_ABOUT_RETURN_TYPE = YES_ERROR;
				GCC_WARN_UNDECLARED_SELECTOR = YES;
				GCC_WARN_UNINITIALIZED_AUTOS = YES_AGGRESSIVE;
				GCC_WARN_UNUSED_FUNCTION = YES;
				GCC_WARN_UNUSED_VARIABLE = YES;
				IPHONEOS_DEPLOYMENT_TARGET = 10.0;
				MTL_ENABLE_DEBUG_INFO = YES;
				ONLY_ACTIVE_ARCH = YES;
				SDKROOT = iphoneos;
				TARGETED_DEVICE_FAMILY = "1,2";
			};
			name = Debug;
		};
		BC25B92B1DA1ED8C008EDFB2 /* Release */ = {
			isa = XCBuildConfiguration;
			buildSettings = {
				ALWAYS_SEARCH_USER_PATHS = NO;
				CLANG_ANALYZER_NONNULL = YES;
				CLANG_CXX_LANGUAGE_STANDARD = "gnu++0x";
				CLANG_CXX_LIBRARY = "libc++";
				CLANG_ENABLE_MODULES = YES;
				CLANG_ENABLE_OBJC_ARC = YES;
				CLANG_WARN_BOOL_CONVERSION = YES;
				CLANG_WARN_CONSTANT_CONVERSION = YES;
				CLANG_WARN_DIRECT_OBJC_ISA_USAGE = YES_ERROR;
				CLANG_WARN_DOCUMENTATION_COMMENTS = YES;
				CLANG_WARN_EMPTY_BODY = YES;
				CLANG_WARN_ENUM_CONVERSION = YES;
				CLANG_WARN_INFINITE_RECURSION = YES;
				CLANG_WARN_INT_CONVERSION = YES;
				CLANG_WARN_OBJC_ROOT_CLASS = YES_ERROR;
				CLANG_WARN_SUSPICIOUS_MOVES = YES;
				CLANG_WARN_UNREACHABLE_CODE = YES;
				CLANG_WARN__DUPLICATE_METHOD_MATCH = YES;
				"CODE_SIGN_IDENTITY[sdk=iphoneos*]" = "iPhone Developer";
				COPY_PHASE_STRIP = NO;
				DEBUG_INFORMATION_FORMAT = "dwarf-with-dsym";
				ENABLE_NS_ASSERTIONS = NO;
				ENABLE_STRICT_OBJC_MSGSEND = YES;
				GCC_C_LANGUAGE_STANDARD = gnu99;
				GCC_NO_COMMON_BLOCKS = YES;
				GCC_WARN_64_TO_32_BIT_CONVERSION = YES;
				GCC_WARN_ABOUT_RETURN_TYPE = YES_ERROR;
				GCC_WARN_UNDECLARED_SELECTOR = YES;
				GCC_WARN_UNINITIALIZED_AUTOS = YES_AGGRESSIVE;
				GCC_WARN_UNUSED_FUNCTION = YES;
				GCC_WARN_UNUSED_VARIABLE = YES;
				IPHONEOS_DEPLOYMENT_TARGET = 10.0;
				MTL_ENABLE_DEBUG_INFO = NO;
				SDKROOT = iphoneos;
				TARGETED_DEVICE_FAMILY = "1,2";
				VALIDATE_PRODUCT = YES;
			};
			name = Release;
		};
		BC25B92D1DA1ED8C008EDFB2 /* Debug */ = {
			isa = XCBuildConfiguration;
			baseConfigurationReference = 03C01CE9C2B33EF403CE9DCC /* Pods-MSTreasuryManager.debug.xcconfig */;
			buildSettings = {
				ASSETCATALOG_COMPILER_APPICON_NAME = AppIcon;
				ENABLE_BITCODE = NO;
				GCC_PREFIX_HEADER = "$(SRCROOT)/$(PRODUCT_NAME)/Main/MSPrefixHeader.pch";
				INFOPLIST_FILE = MSTreasuryManager/Info.plist;
				LD_RUNPATH_SEARCH_PATHS = "$(inherited) @executable_path/Frameworks";
				PRODUCT_BUNDLE_IDENTIFIER = MS.MSTreasuryManager;
				PRODUCT_NAME = "$(TARGET_NAME)";
			};
			name = Debug;
		};
		BC25B92E1DA1ED8C008EDFB2 /* Release */ = {
			isa = XCBuildConfiguration;
			baseConfigurationReference = 75F47D9C8AB86418EDA43784 /* Pods-MSTreasuryManager.release.xcconfig */;
			buildSettings = {
				ASSETCATALOG_COMPILER_APPICON_NAME = AppIcon;
				ENABLE_BITCODE = NO;
				GCC_PREFIX_HEADER = "$(SRCROOT)/$(PRODUCT_NAME)/Main/MSPrefixHeader.pch";
				INFOPLIST_FILE = MSTreasuryManager/Info.plist;
				LD_RUNPATH_SEARCH_PATHS = "$(inherited) @executable_path/Frameworks";
				PRODUCT_BUNDLE_IDENTIFIER = MS.MSTreasuryManager;
				PRODUCT_NAME = "$(TARGET_NAME)";
			};
			name = Release;
		};
		BC25B9301DA1ED8C008EDFB2 /* Debug */ = {
			isa = XCBuildConfiguration;
			baseConfigurationReference = C5D3895E884ACF3F26C884EA /* Pods-MSTreasuryManagerTests.debug.xcconfig */;
			buildSettings = {
				BUNDLE_LOADER = "$(TEST_HOST)";
				INFOPLIST_FILE = MSTreasuryManagerTests/Info.plist;
				LD_RUNPATH_SEARCH_PATHS = "$(inherited) @executable_path/Frameworks @loader_path/Frameworks";
				PRODUCT_BUNDLE_IDENTIFIER = MS.MSTreasuryManagerTests;
				PRODUCT_NAME = "$(TARGET_NAME)";
				TEST_HOST = "$(BUILT_PRODUCTS_DIR)/MSTreasuryManager.app/MSTreasuryManager";
			};
			name = Debug;
		};
		BC25B9311DA1ED8C008EDFB2 /* Release */ = {
			isa = XCBuildConfiguration;
			baseConfigurationReference = CFF8944BC6D2C468FDA8CA54 /* Pods-MSTreasuryManagerTests.release.xcconfig */;
			buildSettings = {
				BUNDLE_LOADER = "$(TEST_HOST)";
				INFOPLIST_FILE = MSTreasuryManagerTests/Info.plist;
				LD_RUNPATH_SEARCH_PATHS = "$(inherited) @executable_path/Frameworks @loader_path/Frameworks";
				PRODUCT_BUNDLE_IDENTIFIER = MS.MSTreasuryManagerTests;
				PRODUCT_NAME = "$(TARGET_NAME)";
				TEST_HOST = "$(BUILT_PRODUCTS_DIR)/MSTreasuryManager.app/MSTreasuryManager";
			};
			name = Release;
		};
		BC25B9331DA1ED8C008EDFB2 /* Debug */ = {
			isa = XCBuildConfiguration;
			baseConfigurationReference = C4D0B10F7BE1F8C331A820F4 /* Pods-MSTreasuryManagerUITests.debug.xcconfig */;
			buildSettings = {
				INFOPLIST_FILE = MSTreasuryManagerUITests/Info.plist;
				LD_RUNPATH_SEARCH_PATHS = "$(inherited) @executable_path/Frameworks @loader_path/Frameworks";
				PRODUCT_BUNDLE_IDENTIFIER = MS.MSTreasuryManagerUITests;
				PRODUCT_NAME = "$(TARGET_NAME)";
				TEST_TARGET_NAME = MSTreasuryManager;
			};
			name = Debug;
		};
		BC25B9341DA1ED8C008EDFB2 /* Release */ = {
			isa = XCBuildConfiguration;
			baseConfigurationReference = 6D8E0C5D4687480595A21928 /* Pods-MSTreasuryManagerUITests.release.xcconfig */;
			buildSettings = {
				INFOPLIST_FILE = MSTreasuryManagerUITests/Info.plist;
				LD_RUNPATH_SEARCH_PATHS = "$(inherited) @executable_path/Frameworks @loader_path/Frameworks";
				PRODUCT_BUNDLE_IDENTIFIER = MS.MSTreasuryManagerUITests;
				PRODUCT_NAME = "$(TARGET_NAME)";
				TEST_TARGET_NAME = MSTreasuryManager;
			};
			name = Release;
		};
/* End XCBuildConfiguration section */

/* Begin XCConfigurationList section */
		BC25B8FA1DA1ED8B008EDFB2 /* Build configuration list for PBXProject "MSTreasuryManager" */ = {
			isa = XCConfigurationList;
			buildConfigurations = (
				BC25B92A1DA1ED8C008EDFB2 /* Debug */,
				BC25B92B1DA1ED8C008EDFB2 /* Release */,
			);
			defaultConfigurationIsVisible = 0;
			defaultConfigurationName = Release;
		};
		BC25B92C1DA1ED8C008EDFB2 /* Build configuration list for PBXNativeTarget "MSTreasuryManager" */ = {
			isa = XCConfigurationList;
			buildConfigurations = (
				BC25B92D1DA1ED8C008EDFB2 /* Debug */,
				BC25B92E1DA1ED8C008EDFB2 /* Release */,
			);
			defaultConfigurationIsVisible = 0;
			defaultConfigurationName = Release;
		};
		BC25B92F1DA1ED8C008EDFB2 /* Build configuration list for PBXNativeTarget "MSTreasuryManagerTests" */ = {
			isa = XCConfigurationList;
			buildConfigurations = (
				BC25B9301DA1ED8C008EDFB2 /* Debug */,
				BC25B9311DA1ED8C008EDFB2 /* Release */,
			);
			defaultConfigurationIsVisible = 0;
			defaultConfigurationName = Release;
		};
		BC25B9321DA1ED8C008EDFB2 /* Build configuration list for PBXNativeTarget "MSTreasuryManagerUITests" */ = {
			isa = XCConfigurationList;
			buildConfigurations = (
				BC25B9331DA1ED8C008EDFB2 /* Debug */,
				BC25B9341DA1ED8C008EDFB2 /* Release */,
			);
			defaultConfigurationIsVisible = 0;
			defaultConfigurationName = Release;
		};
/* End XCConfigurationList section */
	};
	rootObject = BC25B8F71DA1ED8B008EDFB2 /* Project object */;
}
